
Microsoft Visual Studio Solution File, Format Version 12.00
# Visual Studio Version 16
VisualStudioVersion = 16.0.31702.278
MinimumVisualStudioVersion = 10.0.40219.1
Project("{FAE04EC0-301F-11D3-BF4B-00C04F79EFBC}") = "Rent Car", "Rent Car\Rent Car.csproj", "{AB753661-B4FB-43C2-BE7A-7CAE69097F62}"
EndProject
Global
	GlobalSection(SolutionConfigurationPlatforms) = preSolution
		Debug|Any CPU = Debug|Any CPU
		Release|Any CPU = Release|Any CPU
	EndGlobalSection
	GlobalSection(ProjectConfigurationPlatforms) = postSolution
		{AB753661-B4FB-43C2-BE7A-7CAE69097F62}.Debug|Any CPU.ActiveCfg = Release|Any CPU
		{AB753661-B4FB-43C2-BE7A-7CAE69097F62}.Debug|Any CPU.Build.0 = Release|Any CPU
		{AB753661-B4FB-43C2-BE7A-7CAE69097F62}.Release|Any CPU.ActiveCfg = Release|Any CPU
		{AB753661-B4FB-43C2-BE7A-7CAE69097F62}.Release|Any CPU.Build.0 = Release|Any CPU
	EndGlobalSection
	GlobalSection(SolutionProperties) = preSolution
		HideSolutionNode = FALSE
	EndGlobalSection
	GlobalSection(ExtensibilityGlobals) = postSolution
		SolutionGuid = {888855A1-1E7D-47F4-B06D-283F9F8C3572}
	EndGlobalSection
EndGlobal
